// !$*UTF8*$!
{
	archiveVersion = 1;
	classes = {
	};
	objectVersion = 56;
	objects = {

/* Begin PBXBuildFile section */
		EB02075E2A463A4B00217953 /* QRScannerView.swift in Sources */ = {isa = PBXBuildFile; fileRef = EB02075D2A463A4B00217953 /* QRScannerView.swift */; };
		EB46EAFC2A41A3DD00217953 /* TOTPApp.swift in Sources */ = {isa = PBXBuildFile; fileRef = EB46EAFB2A41A3DD00217953 /* TOTPApp.swift */; };
		EB46EB002A41A3DD00217953 /* ContentView.swift in Sources */ = {isa = PBXBuildFile; fileRef = EB46EAFF2A41A3DD00217953 /* ContentView.swift */; };
		EB46EB022A41A3DF00217953 /* Assets.xcassets in Resources */ = {isa = PBXBuildFile; fileRef = EB46EB012A41A3DF00217953 /* Assets.xcassets */; };
		EB46EB062A41A3DF00217953 /* Preview Assets.xcassets in Resources */ = {isa = PBXBuildFile; fileRef = EB46EB052A41A3DF00217953 /* Preview Assets.xcassets */; };
		EB46EB102A41A3DF00217953 /* TOTPAppTests.swift in Sources */ = {isa = PBXBuildFile; fileRef = EB46EB0F2A41A3DF00217953 /* TOTPAppTests.swift */; };
		EB46EB1A2A41A3E000217953 /* TOTPAppUITests.swift in Sources */ = {isa = PBXBuildFile; fileRef = EB46EB192A41A3E000217953 /* TOTPAppUITests.swift */; };
		EB46EB1C2A41A3E000217953 /* TOTPAppUITestsLaunchTests.swift in Sources */ = {isa = PBXBuildFile; fileRef = EB46EB1B2A41A3E000217953 /* TOTPAppUITestsLaunchTests.swift */; };
		EB46EB292A41A43000217953 /* Account.swift in Sources */ = {isa = PBXBuildFile; fileRef = EB46EB282A41A43000217953 /* Account.swift */; };
		EB46EB2B2A41A45500217953 /* TOTPLib.swift in Sources */ = {isa = PBXBuildFile; fileRef = EB46EB2A2A41A45500217953 /* TOTPLib.swift */; };
		EB46EB2E2A41A48500217953 /* Base32 in Frameworks */ = {isa = PBXBuildFile; productRef = EB46EB2D2A41A48500217953 /* Base32 */; };
		EB46EB302A41A4DE00217953 /* PreferencesView.swift in Sources */ = {isa = PBXBuildFile; fileRef = EB46EB2F2A41A4DE00217953 /* PreferencesView.swift */; };
		EB46EB322A41A53700217953 /* TOTPView.swift in Sources */ = {isa = PBXBuildFile; fileRef = EB46EB312A41A53700217953 /* TOTPView.swift */; };
		EB7BE20E2A460FB000217953 /* Login.swift in Sources */ = {isa = PBXBuildFile; fileRef = EB7BE20D2A460FB000217953 /* Login.swift */; };
		EB7BE2102A4611D000217953 /* PINCodeView.swift in Sources */ = {isa = PBXBuildFile; fileRef = EB7BE20F2A4611D000217953 /* PINCodeView.swift */; };
		EB7BE2122A46217800217953 /* Settings.bundle in Resources */ = {isa = PBXBuildFile; fileRef = EB7BE2112A46217800217953 /* Settings.bundle */; };
/* End PBXBuildFile section */

/* Begin PBXContainerItemProxy section */
		EB46EB0C2A41A3DF00217953 /* PBXContainerItemProxy */ = {
			isa = PBXContainerItemProxy;
			containerPortal = EB46EAF02A41A3DD00217953 /* Project object */;
			proxyType = 1;
			remoteGlobalIDString = EB46EAF72A41A3DD00217953;
			remoteInfo = TOTPApp;
		};
		EB46EB162A41A3E000217953 /* PBXContainerItemProxy */ = {
			isa = PBXContainerItemProxy;
			containerPortal = EB46EAF02A41A3DD00217953 /* Project object */;
			proxyType = 1;
			remoteGlobalIDString = EB46EAF72A41A3DD00217953;
			remoteInfo = TOTPApp;
		};
/* End PBXContainerItemProxy section */

/* Begin PBXFileReference section */
		EB02075D2A463A4B00217953 /* QRScannerView.swift */ = {isa = PBXFileReference; lastKnownFileType = sourcecode.swift; path = QRScannerView.swift; sourceTree = "<group>"; };
		EB1B23892A423BB000217953 /* Info.plist */ = {isa = PBXFileReference; lastKnownFileType = text.plist; path = Info.plist; sourceTree = "<group>"; };
		EB46EAF82A41A3DD00217953 /* TOTPApp.app */ = {isa = PBXFileReference; explicitFileType = wrapper.application; includeInIndex = 0; path = TOTPApp.app; sourceTree = BUILT_PRODUCTS_DIR; };
		EB46EAFB2A41A3DD00217953 /* TOTPApp.swift */ = {isa = PBXFileReference; lastKnownFileType = sourcecode.swift; path = TOTPApp.swift; sourceTree = "<group>"; };
		EB46EAFF2A41A3DD00217953 /* ContentView.swift */ = {isa = PBXFileReference; lastKnownFileType = sourcecode.swift; path = ContentView.swift; sourceTree = "<group>"; };
		EB46EB012A41A3DF00217953 /* Assets.xcassets */ = {isa = PBXFileReference; lastKnownFileType = folder.assetcatalog; path = Assets.xcassets; sourceTree = "<group>"; };
		EB46EB032A41A3DF00217953 /* TOTPApp.entitlements */ = {isa = PBXFileReference; lastKnownFileType = text.plist.entitlements; path = TOTPApp.entitlements; sourceTree = "<group>"; };
		EB46EB052A41A3DF00217953 /* Preview Assets.xcassets */ = {isa = PBXFileReference; lastKnownFileType = folder.assetcatalog; path = "Preview Assets.xcassets"; sourceTree = "<group>"; };
		EB46EB0B2A41A3DF00217953 /* TOTPAppTests.xctest */ = {isa = PBXFileReference; explicitFileType = wrapper.cfbundle; includeInIndex = 0; path = TOTPAppTests.xctest; sourceTree = BUILT_PRODUCTS_DIR; };
		EB46EB0F2A41A3DF00217953 /* TOTPAppTests.swift */ = {isa = PBXFileReference; lastKnownFileType = sourcecode.swift; path = TOTPAppTests.swift; sourceTree = "<group>"; };
		EB46EB152A41A3E000217953 /* TOTPAppUITests.xctest */ = {isa = PBXFileReference; explicitFileType = wrapper.cfbundle; includeInIndex = 0; path = TOTPAppUITests.xctest; sourceTree = BUILT_PRODUCTS_DIR; };
		EB46EB192A41A3E000217953 /* TOTPAppUITests.swift */ = {isa = PBXFileReference; lastKnownFileType = sourcecode.swift; path = TOTPAppUITests.swift; sourceTree = "<group>"; };
		EB46EB1B2A41A3E000217953 /* TOTPAppUITestsLaunchTests.swift */ = {isa = PBXFileReference; lastKnownFileType = sourcecode.swift; path = TOTPAppUITestsLaunchTests.swift; sourceTree = "<group>"; };
		EB46EB282A41A43000217953 /* Account.swift */ = {isa = PBXFileReference; lastKnownFileType = sourcecode.swift; path = Account.swift; sourceTree = "<group>"; };
		EB46EB2A2A41A45500217953 /* TOTPLib.swift */ = {isa = PBXFileReference; lastKnownFileType = sourcecode.swift; path = TOTPLib.swift; sourceTree = "<group>"; };
		EB46EB2F2A41A4DE00217953 /* PreferencesView.swift */ = {isa = PBXFileReference; lastKnownFileType = sourcecode.swift; path = PreferencesView.swift; sourceTree = "<group>"; };
		EB46EB312A41A53700217953 /* TOTPView.swift */ = {isa = PBXFileReference; lastKnownFileType = sourcecode.swift; path = TOTPView.swift; sourceTree = "<group>"; };
		EB7BE20D2A460FB000217953 /* Login.swift */ = {isa = PBXFileReference; lastKnownFileType = sourcecode.swift; path = Login.swift; sourceTree = "<group>"; };
		EB7BE20F2A4611D000217953 /* PINCodeView.swift */ = {isa = PBXFileReference; lastKnownFileType = sourcecode.swift; path = PINCodeView.swift; sourceTree = "<group>"; };
		EB7BE2112A46217800217953 /* Settings.bundle */ = {isa = PBXFileReference; lastKnownFileType = "wrapper.plug-in"; name = Settings.bundle; path = TOTPApp/Settings.bundle; sourceTree = SOURCE_ROOT; };
		EBAD71B32A465D7C00217953 /* README.md */ = {isa = PBXFileReference; lastKnownFileType = net.daringfireball.markdown; path = README.md; sourceTree = "<group>"; };
/* End PBXFileReference section */

/* Begin PBXFrameworksBuildPhase section */
		EB46EAF52A41A3DD00217953 /* Frameworks */ = {
			isa = PBXFrameworksBuildPhase;
			buildActionMask = 2147483647;
			files = (
				EB46EB2E2A41A48500217953 /* Base32 in Frameworks */,
			);
			runOnlyForDeploymentPostprocessing = 0;
		};
		EB46EB082A41A3DF00217953 /* Frameworks */ = {
			isa = PBXFrameworksBuildPhase;
			buildActionMask = 2147483647;
			files = (
			);
			runOnlyForDeploymentPostprocessing = 0;
		};
		EB46EB122A41A3E000217953 /* Frameworks */ = {
			isa = PBXFrameworksBuildPhase;
			buildActionMask = 2147483647;
			files = (
			);
			runOnlyForDeploymentPostprocessing = 0;
		};
/* End PBXFrameworksBuildPhase section */

/* Begin PBXGroup section */
		EB1B23882A42331500217953 /* Views */ = {
			isa = PBXGroup;
			children = (
				EB46EAFF2A41A3DD00217953 /* ContentView.swift */,
				EB46EB2F2A41A4DE00217953 /* PreferencesView.swift */,
				EB46EB312A41A53700217953 /* TOTPView.swift */,
				EB7BE20F2A4611D000217953 /* PINCodeView.swift */,
				EB02075D2A463A4B00217953 /* QRScannerView.swift */,
			);
			path = Views;
			sourceTree = "<group>";
		};
		EB46EAEF2A41A3DD00217953 = {
			isa = PBXGroup;
			children = (
				EBAD71B32A465D7C00217953 /* README.md */,
				EB46EAFA2A41A3DD00217953 /* TOTPApp */,
				EB46EB0E2A41A3DF00217953 /* TOTPAppTests */,
				EB46EB182A41A3E000217953 /* TOTPAppUITests */,
				EB46EAF92A41A3DD00217953 /* Products */,
			);
			sourceTree = "<group>";
		};
		EB46EAF92A41A3DD00217953 /* Products */ = {
			isa = PBXGroup;
			children = (
				EB46EAF82A41A3DD00217953 /* TOTPApp.app */,
				EB46EB0B2A41A3DF00217953 /* TOTPAppTests.xctest */,
				EB46EB152A41A3E000217953 /* TOTPAppUITests.xctest */,
			);
			name = Products;
			sourceTree = "<group>";
		};
		EB46EAFA2A41A3DD00217953 /* TOTPApp */ = {
			isa = PBXGroup;
			children = (
				EB7BE2112A46217800217953 /* Settings.bundle */,
				EB1B23882A42331500217953 /* Views */,
				EB46EAFB2A41A3DD00217953 /* TOTPApp.swift */,
				EB46EB282A41A43000217953 /* Account.swift */,
				EB46EB2A2A41A45500217953 /* TOTPLib.swift */,
				EB7BE20D2A460FB000217953 /* Login.swift */,
				EB46EB012A41A3DF00217953 /* Assets.xcassets */,
				EB46EB032A41A3DF00217953 /* TOTPApp.entitlements */,
				EB1B23892A423BB000217953 /* Info.plist */,
				EB46EB042A41A3DF00217953 /* Preview Content */,
			);
			path = TOTPApp;
			sourceTree = "<group>";
		};
		EB46EB042A41A3DF00217953 /* Preview Content */ = {
			isa = PBXGroup;
			children = (
				EB46EB052A41A3DF00217953 /* Preview Assets.xcassets */,
			);
			path = "Preview Content";
			sourceTree = "<group>";
		};
		EB46EB0E2A41A3DF00217953 /* TOTPAppTests */ = {
			isa = PBXGroup;
			children = (
				EB46EB0F2A41A3DF00217953 /* TOTPAppTests.swift */,
			);
			path = TOTPAppTests;
			sourceTree = "<group>";
		};
		EB46EB182A41A3E000217953 /* TOTPAppUITests */ = {
			isa = PBXGroup;
			children = (
				EB46EB192A41A3E000217953 /* TOTPAppUITests.swift */,
				EB46EB1B2A41A3E000217953 /* TOTPAppUITestsLaunchTests.swift */,
			);
			path = TOTPAppUITests;
			sourceTree = "<group>";
		};
/* End PBXGroup section */

/* Begin PBXNativeTarget section */
		EB46EAF72A41A3DD00217953 /* TOTPApp */ = {
			isa = PBXNativeTarget;
			buildConfigurationList = EB46EB1F2A41A3E000217953 /* Build configuration list for PBXNativeTarget "TOTPApp" */;
			buildPhases = (
				EB46EAF42A41A3DD00217953 /* Sources */,
				EB46EAF52A41A3DD00217953 /* Frameworks */,
				EB46EAF62A41A3DD00217953 /* Resources */,
			);
			buildRules = (
			);
			dependencies = (
			);
			name = TOTPApp;
			packageProductDependencies = (
				EB46EB2D2A41A48500217953 /* Base32 */,
			);
			productName = TOTPApp;
			productReference = EB46EAF82A41A3DD00217953 /* TOTPApp.app */;
			productType = "com.apple.product-type.application";
		};
		EB46EB0A2A41A3DF00217953 /* TOTPAppTests */ = {
			isa = PBXNativeTarget;
			buildConfigurationList = EB46EB222A41A3E000217953 /* Build configuration list for PBXNativeTarget "TOTPAppTests" */;
			buildPhases = (
				EB46EB072A41A3DF00217953 /* Sources */,
				EB46EB082A41A3DF00217953 /* Frameworks */,
				EB46EB092A41A3DF00217953 /* Resources */,
			);
			buildRules = (
			);
			dependencies = (
				EB46EB0D2A41A3DF00217953 /* PBXTargetDependency */,
			);
			name = TOTPAppTests;
			productName = TOTPAppTests;
			productReference = EB46EB0B2A41A3DF00217953 /* TOTPAppTests.xctest */;
			productType = "com.apple.product-type.bundle.unit-test";
		};
		EB46EB142A41A3E000217953 /* TOTPAppUITests */ = {
			isa = PBXNativeTarget;
			buildConfigurationList = EB46EB252A41A3E000217953 /* Build configuration list for PBXNativeTarget "TOTPAppUITests" */;
			buildPhases = (
				EB46EB112A41A3E000217953 /* Sources */,
				EB46EB122A41A3E000217953 /* Frameworks */,
				EB46EB132A41A3E000217953 /* Resources */,
			);
			buildRules = (
			);
			dependencies = (
				EB46EB172A41A3E000217953 /* PBXTargetDependency */,
			);
			name = TOTPAppUITests;
			productName = TOTPAppUITests;
			productReference = EB46EB152A41A3E000217953 /* TOTPAppUITests.xctest */;
			productType = "com.apple.product-type.bundle.ui-testing";
		};
/* End PBXNativeTarget section */

/* Begin PBXProject section */
		EB46EAF02A41A3DD00217953 /* Project object */ = {
			isa = PBXProject;
			attributes = {
				BuildIndependentTargetsInParallel = 1;
				LastSwiftUpdateCheck = 1500;
				LastUpgradeCheck = 1500;
				TargetAttributes = {
					EB46EAF72A41A3DD00217953 = {
						CreatedOnToolsVersion = 15.0;
					};
					EB46EB0A2A41A3DF00217953 = {
						CreatedOnToolsVersion = 15.0;
						TestTargetID = EB46EAF72A41A3DD00217953;
					};
					EB46EB142A41A3E000217953 = {
						CreatedOnToolsVersion = 15.0;
						TestTargetID = EB46EAF72A41A3DD00217953;
					};
				};
			};
			buildConfigurationList = EB46EAF32A41A3DD00217953 /* Build configuration list for PBXProject "TOTPApp" */;
			compatibilityVersion = "Xcode 14.0";
			developmentRegion = en;
			hasScannedForEncodings = 0;
			knownRegions = (
				en,
				Base,
			);
			mainGroup = EB46EAEF2A41A3DD00217953;
			packageReferences = (
				EB46EB2C2A41A48500217953 /* XCRemoteSwiftPackageReference "Base32" */,
			);
			productRefGroup = EB46EAF92A41A3DD00217953 /* Products */;
			projectDirPath = "";
			projectRoot = "";
			targets = (
				EB46EAF72A41A3DD00217953 /* TOTPApp */,
				EB46EB0A2A41A3DF00217953 /* TOTPAppTests */,
				EB46EB142A41A3E000217953 /* TOTPAppUITests */,
			);
		};
/* End PBXProject section */

/* Begin PBXResourcesBuildPhase section */
		EB46EAF62A41A3DD00217953 /* Resources */ = {
			isa = PBXResourcesBuildPhase;
			buildActionMask = 2147483647;
			files = (
				EB46EB062A41A3DF00217953 /* Preview Assets.xcassets in Resources */,
				EB7BE2122A46217800217953 /* Settings.bundle in Resources */,
				EB46EB022A41A3DF00217953 /* Assets.xcassets in Resources */,
			);
			runOnlyForDeploymentPostprocessing = 0;
		};
		EB46EB092A41A3DF00217953 /* Resources */ = {
			isa = PBXResourcesBuildPhase;
			buildActionMask = 2147483647;
			files = (
			);
			runOnlyForDeploymentPostprocessing = 0;
		};
		EB46EB132A41A3E000217953 /* Resources */ = {
			isa = PBXResourcesBuildPhase;
			buildActionMask = 2147483647;
			files = (
			);
			runOnlyForDeploymentPostprocessing = 0;
		};
/* End PBXResourcesBuildPhase section */

/* Begin PBXSourcesBuildPhase section */
		EB46EAF42A41A3DD00217953 /* Sources */ = {
			isa = PBXSourcesBuildPhase;
			buildActionMask = 2147483647;
			files = (
				EB7BE20E2A460FB000217953 /* Login.swift in Sources */,
				EB7BE2102A4611D000217953 /* PINCodeView.swift in Sources */,
				EB46EB302A41A4DE00217953 /* PreferencesView.swift in Sources */,
				EB46EAFC2A41A3DD00217953 /* TOTPApp.swift in Sources */,
				EB02075E2A463A4B00217953 /* QRScannerView.swift in Sources */,
				EB46EB002A41A3DD00217953 /* ContentView.swift in Sources */,
				EB46EB322A41A53700217953 /* TOTPView.swift in Sources */,
				EB46EB2B2A41A45500217953 /* TOTPLib.swift in Sources */,
				EB46EB292A41A43000217953 /* Account.swift in Sources */,
			);
			runOnlyForDeploymentPostprocessing = 0;
		};
		EB46EB072A41A3DF00217953 /* Sources */ = {
			isa = PBXSourcesBuildPhase;
			buildActionMask = 2147483647;
			files = (
				EB46EB102A41A3DF00217953 /* TOTPAppTests.swift in Sources */,
			);
			runOnlyForDeploymentPostprocessing = 0;
		};
		EB46EB112A41A3E000217953 /* Sources */ = {
			isa = PBXSourcesBuildPhase;
			buildActionMask = 2147483647;
			files = (
				EB46EB1A2A41A3E000217953 /* TOTPAppUITests.swift in Sources */,
				EB46EB1C2A41A3E000217953 /* TOTPAppUITestsLaunchTests.swift in Sources */,
			);
			runOnlyForDeploymentPostprocessing = 0;
		};
/* End PBXSourcesBuildPhase section */

/* Begin PBXTargetDependency section */
		EB46EB0D2A41A3DF00217953 /* PBXTargetDependency */ = {
			isa = PBXTargetDependency;
			target = EB46EAF72A41A3DD00217953 /* TOTPApp */;
			targetProxy = EB46EB0C2A41A3DF00217953 /* PBXContainerItemProxy */;
		};
		EB46EB172A41A3E000217953 /* PBXTargetDependency */ = {
			isa = PBXTargetDependency;
			target = EB46EAF72A41A3DD00217953 /* TOTPApp */;
			targetProxy = EB46EB162A41A3E000217953 /* PBXContainerItemProxy */;
		};
/* End PBXTargetDependency section */

/* Begin XCBuildConfiguration section */
		EB46EB1D2A41A3E000217953 /* Debug */ = {
			isa = XCBuildConfiguration;
			buildSettings = {
				ALWAYS_SEARCH_USER_PATHS = NO;
				ASSETCATALOG_COMPILER_GENERATE_SWIFT_ASSET_SYMBOL_EXTENSIONS = YES;
				CLANG_ANALYZER_NONNULL = YES;
				CLANG_ANALYZER_NUMBER_OBJECT_CONVERSION = YES_AGGRESSIVE;
				CLANG_CXX_LANGUAGE_STANDARD = "gnu++20";
				CLANG_ENABLE_MODULES = YES;
				CLANG_ENABLE_OBJC_ARC = YES;
				CLANG_ENABLE_OBJC_WEAK = YES;
				CLANG_WARN_BLOCK_CAPTURE_AUTORELEASING = YES;
				CLANG_WARN_BOOL_CONVERSION = YES;
				CLANG_WARN_COMMA = YES;
				CLANG_WARN_CONSTANT_CONVERSION = YES;
				CLANG_WARN_DEPRECATED_OBJC_IMPLEMENTATIONS = YES;
				CLANG_WARN_DIRECT_OBJC_ISA_USAGE = YES_ERROR;
				CLANG_WARN_DOCUMENTATION_COMMENTS = YES;
				CLANG_WARN_EMPTY_BODY = YES;
				CLANG_WARN_ENUM_CONVERSION = YES;
				CLANG_WARN_INFINITE_RECURSION = YES;
				CLANG_WARN_INT_CONVERSION = YES;
				CLANG_WARN_NON_LITERAL_NULL_CONVERSION = YES;
				CLANG_WARN_OBJC_IMPLICIT_RETAIN_SELF = YES;
				CLANG_WARN_OBJC_LITERAL_CONVERSION = YES;
				CLANG_WARN_OBJC_ROOT_CLASS = YES_ERROR;
				CLANG_WARN_QUOTED_INCLUDE_IN_FRAMEWORK_HEADER = YES;
				CLANG_WARN_RANGE_LOOP_ANALYSIS = YES;
				CLANG_WARN_STRICT_PROTOTYPES = YES;
				CLANG_WARN_SUSPICIOUS_MOVE = YES;
				CLANG_WARN_UNGUARDED_AVAILABILITY = YES_AGGRESSIVE;
				CLANG_WARN_UNREACHABLE_CODE = YES;
				CLANG_WARN__DUPLICATE_METHOD_MATCH = YES;
				COPY_PHASE_STRIP = NO;
				DEBUG_INFORMATION_FORMAT = dwarf;
				ENABLE_STRICT_OBJC_MSGSEND = YES;
				ENABLE_TESTABILITY = YES;
				ENABLE_USER_SCRIPT_SANDBOXING = YES;
				GCC_C_LANGUAGE_STANDARD = gnu17;
				GCC_DYNAMIC_NO_PIC = NO;
				GCC_NO_COMMON_BLOCKS = YES;
				GCC_OPTIMIZATION_LEVEL = 0;
				GCC_PREPROCESSOR_DEFINITIONS = (
					"DEBUG=1",
					"$(inherited)",
				);
				GCC_WARN_64_TO_32_BIT_CONVERSION = YES;
				GCC_WARN_ABOUT_RETURN_TYPE = YES_ERROR;
				GCC_WARN_UNDECLARED_SELECTOR = YES;
				GCC_WARN_UNINITIALIZED_AUTOS = YES_AGGRESSIVE;
				GCC_WARN_UNUSED_FUNCTION = YES;
				GCC_WARN_UNUSED_VARIABLE = YES;
				LOCALIZATION_PREFERS_STRING_CATALOGS = YES;
				MTL_ENABLE_DEBUG_INFO = INCLUDE_SOURCE;
				MTL_FAST_MATH = YES;
				ONLY_ACTIVE_ARCH = YES;
				SWIFT_ACTIVE_COMPILATION_CONDITIONS = "DEBUG $(inherited)";
				SWIFT_OPTIMIZATION_LEVEL = "-Onone";
			};
			name = Debug;
		};
		EB46EB1E2A41A3E000217953 /* Release */ = {
			isa = XCBuildConfiguration;
			buildSettings = {
				ALWAYS_SEARCH_USER_PATHS = NO;
				ASSETCATALOG_COMPILER_GENERATE_SWIFT_ASSET_SYMBOL_EXTENSIONS = YES;
				CLANG_ANALYZER_NONNULL = YES;
				CLANG_ANALYZER_NUMBER_OBJECT_CONVERSION = YES_AGGRESSIVE;
				CLANG_CXX_LANGUAGE_STANDARD = "gnu++20";
				CLANG_ENABLE_MODULES = YES;
				CLANG_ENABLE_OBJC_ARC = YES;
				CLANG_ENABLE_OBJC_WEAK = YES;
				CLANG_WARN_BLOCK_CAPTURE_AUTORELEASING = YES;
				CLANG_WARN_BOOL_CONVERSION = YES;
				CLANG_WARN_COMMA = YES;
				CLANG_WARN_CONSTANT_CONVERSION = YES;
				CLANG_WARN_DEPRECATED_OBJC_IMPLEMENTATIONS = YES;
				CLANG_WARN_DIRECT_OBJC_ISA_USAGE = YES_ERROR;
				CLANG_WARN_DOCUMENTATION_COMMENTS = YES;
				CLANG_WARN_EMPTY_BODY = YES;
				CLANG_WARN_ENUM_CONVERSION = YES;
				CLANG_WARN_INFINITE_RECURSION = YES;
				CLANG_WARN_INT_CONVERSION = YES;
				CLANG_WARN_NON_LITERAL_NULL_CONVERSION = YES;
				CLANG_WARN_OBJC_IMPLICIT_RETAIN_SELF = YES;
				CLANG_WARN_OBJC_LITERAL_CONVERSION = YES;
				CLANG_WARN_OBJC_ROOT_CLASS = YES_ERROR;
				CLANG_WARN_QUOTED_INCLUDE_IN_FRAMEWORK_HEADER = YES;
				CLANG_WARN_RANGE_LOOP_ANALYSIS = YES;
				CLANG_WARN_STRICT_PROTOTYPES = YES;
				CLANG_WARN_SUSPICIOUS_MOVE = YES;
				CLANG_WARN_UNGUARDED_AVAILABILITY = YES_AGGRESSIVE;
				CLANG_WARN_UNREACHABLE_CODE = YES;
				CLANG_WARN__DUPLICATE_METHOD_MATCH = YES;
				COPY_PHASE_STRIP = NO;
				DEBUG_INFORMATION_FORMAT = "dwarf-with-dsym";
				ENABLE_NS_ASSERTIONS = NO;
				ENABLE_STRICT_OBJC_MSGSEND = YES;
				ENABLE_USER_SCRIPT_SANDBOXING = YES;
				GCC_C_LANGUAGE_STANDARD = gnu17;
				GCC_NO_COMMON_BLOCKS = YES;
				GCC_WARN_64_TO_32_BIT_CONVERSION = YES;
				GCC_WARN_ABOUT_RETURN_TYPE = YES_ERROR;
				GCC_WARN_UNDECLARED_SELECTOR = YES;
				GCC_WARN_UNINITIALIZED_AUTOS = YES_AGGRESSIVE;
				GCC_WARN_UNUSED_FUNCTION = YES;
				GCC_WARN_UNUSED_VARIABLE = YES;
				LOCALIZATION_PREFERS_STRING_CATALOGS = YES;
				MTL_ENABLE_DEBUG_INFO = NO;
				MTL_FAST_MATH = YES;
				SWIFT_COMPILATION_MODE = wholemodule;
			};
			name = Release;
		};
		EB46EB202A41A3E000217953 /* Debug */ = {
			isa = XCBuildConfiguration;
			buildSettings = {
				ASSETCATALOG_COMPILER_APPICON_NAME = AppIcon;
				ASSETCATALOG_COMPILER_GLOBAL_ACCENT_COLOR_NAME = AccentColor;
				CODE_SIGN_ENTITLEMENTS = TOTPApp/TOTPApp.entitlements;
				"CODE_SIGN_IDENTITY[sdk=macosx*]" = "Apple Development";
				CODE_SIGN_STYLE = Automatic;
				CURRENT_PROJECT_VERSION = 1;
				DEVELOPMENT_ASSET_PATHS = "\"TOTPApp/Preview Content\"";
				DEVELOPMENT_TEAM = UN964XDAH7;
				ENABLE_HARDENED_RUNTIME = YES;
				ENABLE_PREVIEWS = YES;
				GENERATE_INFOPLIST_FILE = YES;
				INFOPLIST_FILE = TOTPApp/Info.plist;
				INFOPLIST_KEY_CFBundleDisplayName = LillyAuth;
				"INFOPLIST_KEY_UIApplicationSceneManifest_Generation[sdk=iphoneos*]" = YES;
				"INFOPLIST_KEY_UIApplicationSceneManifest_Generation[sdk=iphonesimulator*]" = YES;
				"INFOPLIST_KEY_UIApplicationSupportsIndirectInputEvents[sdk=iphoneos*]" = YES;
				"INFOPLIST_KEY_UIApplicationSupportsIndirectInputEvents[sdk=iphonesimulator*]" = YES;
				"INFOPLIST_KEY_UILaunchScreen_Generation[sdk=iphoneos*]" = YES;
				"INFOPLIST_KEY_UILaunchScreen_Generation[sdk=iphonesimulator*]" = YES;
				"INFOPLIST_KEY_UIStatusBarStyle[sdk=iphoneos*]" = UIStatusBarStyleDefault;
				"INFOPLIST_KEY_UIStatusBarStyle[sdk=iphonesimulator*]" = UIStatusBarStyleDefault;
				INFOPLIST_KEY_UISupportedInterfaceOrientations_iPad = "UIInterfaceOrientationPortrait UIInterfaceOrientationPortraitUpsideDown UIInterfaceOrientationLandscapeLeft UIInterfaceOrientationLandscapeRight";
				INFOPLIST_KEY_UISupportedInterfaceOrientations_iPhone = "UIInterfaceOrientationPortrait UIInterfaceOrientationLandscapeLeft UIInterfaceOrientationLandscapeRight";
				IPHONEOS_DEPLOYMENT_TARGET = 17.0;
				LD_RUNPATH_SEARCH_PATHS = "@executable_path/Frameworks";
				"LD_RUNPATH_SEARCH_PATHS[sdk=macosx*]" = "@executable_path/../Frameworks";
				MACOSX_DEPLOYMENT_TARGET = 14.0;
				MARKETING_VERSION = 1.0;
				PRODUCT_BUNDLE_IDENTIFIER = lillycat332.TOTPApp;
				PRODUCT_NAME = "$(TARGET_NAME)";
				SDKROOT = auto;
				SUPPORTED_PLATFORMS = "iphoneos iphonesimulator macosx";
				SWIFT_EMIT_LOC_STRINGS = YES;
				SWIFT_VERSION = 5.0;
				TARGETED_DEVICE_FAMILY = "1,2";
			};
			name = Debug;
		};
		EB46EB212A41A3E000217953 /* Release */ = {
			isa = XCBuildConfiguration;
			buildSettings = {
				ASSETCATALOG_COMPILER_APPICON_NAME = AppIcon;
				ASSETCATALOG_COMPILER_GLOBAL_ACCENT_COLOR_NAME = AccentColor;
				CODE_SIGN_ENTITLEMENTS = TOTPApp/TOTPApp.entitlements;
				"CODE_SIGN_IDENTITY[sdk=macosx*]" = "Apple Development";
				CODE_SIGN_STYLE = Automatic;
				CURRENT_PROJECT_VERSION = 1;
				DEVELOPMENT_ASSET_PATHS = "\"TOTPApp/Preview Content\"";
				DEVELOPMENT_TEAM = UN964XDAH7;
				ENABLE_HARDENED_RUNTIME = YES;
				ENABLE_PREVIEWS = YES;
				GENERATE_INFOPLIST_FILE = YES;
				INFOPLIST_FILE = TOTPApp/Info.plist;
				INFOPLIST_KEY_CFBundleDisplayName = LillyAuth;
				"INFOPLIST_KEY_UIApplicationSceneManifest_Generation[sdk=iphoneos*]" = YES;
				"INFOPLIST_KEY_UIApplicationSceneManifest_Generation[sdk=iphonesimulator*]" = YES;
				"INFOPLIST_KEY_UIApplicationSupportsIndirectInputEvents[sdk=iphoneos*]" = YES;
				"INFOPLIST_KEY_UIApplicationSupportsIndirectInputEvents[sdk=iphonesimulator*]" = YES;
				"INFOPLIST_KEY_UILaunchScreen_Generation[sdk=iphoneos*]" = YES;
				"INFOPLIST_KEY_UILaunchScreen_Generation[sdk=iphonesimulator*]" = YES;
				"INFOPLIST_KEY_UIStatusBarStyle[sdk=iphoneos*]" = UIStatusBarStyleDefault;
				"INFOPLIST_KEY_UIStatusBarStyle[sdk=iphonesimulator*]" = UIStatusBarStyleDefault;
				INFOPLIST_KEY_UISupportedInterfaceOrientations_iPad = "UIInterfaceOrientationPortrait UIInterfaceOrientationPortraitUpsideDown UIInterfaceOrientationLandscapeLeft UIInterfaceOrientationLandscapeRight";
				INFOPLIST_KEY_UISupportedInterfaceOrientations_iPhone = "UIInterfaceOrientationPortrait UIInterfaceOrientationLandscapeLeft UIInterfaceOrientationLandscapeRight";
				IPHONEOS_DEPLOYMENT_TARGET = 17.0;
				LD_RUNPATH_SEARCH_PATHS = "@executable_path/Frameworks";
				"LD_RUNPATH_SEARCH_PATHS[sdk=macosx*]" = "@executable_path/../Frameworks";
				MACOSX_DEPLOYMENT_TARGET = 14.0;
				MARKETING_VERSION = 1.0;
				PRODUCT_BUNDLE_IDENTIFIER = lillycat332.TOTPApp;
				PRODUCT_NAME = "$(TARGET_NAME)";
				SDKROOT = auto;
				SUPPORTED_PLATFORMS = "iphoneos iphonesimulator macosx";
				SWIFT_EMIT_LOC_STRINGS = YES;
				SWIFT_VERSION = 5.0;
				TARGETED_DEVICE_FAMILY = "1,2";
			};
			name = Release;
		};
		EB46EB232A41A3E000217953 /* Debug */ = {
			isa = XCBuildConfiguration;
			buildSettings = {
				ALWAYS_EMBED_SWIFT_STANDARD_LIBRARIES = YES;
				BUNDLE_LOADER = "$(TEST_HOST)";
				CODE_SIGN_STYLE = Automatic;
				CURRENT_PROJECT_VERSION = 1;
				DEVELOPMENT_TEAM = UN964XDAH7;
				GENERATE_INFOPLIST_FILE = YES;
				IPHONEOS_DEPLOYMENT_TARGET = 17.0;
				MACOSX_DEPLOYMENT_TARGET = 14.0;
				MARKETING_VERSION = 1.0;
				PRODUCT_BUNDLE_IDENTIFIER = lillycat332.TOTPAppTests;
				PRODUCT_NAME = "$(TARGET_NAME)";
				SDKROOT = auto;
				SUPPORTED_PLATFORMS = "iphoneos iphonesimulator macosx";
				SWIFT_EMIT_LOC_STRINGS = NO;
				SWIFT_VERSION = 5.0;
				TARGETED_DEVICE_FAMILY = "1,2";
				TEST_HOST = "$(BUILT_PRODUCTS_DIR)/TOTPApp.app/$(BUNDLE_EXECUTABLE_FOLDER_PATH)/TOTPApp";
			};
			name = Debug;
		};
		EB46EB242A41A3E000217953 /* Release */ = {
			isa = XCBuildConfiguration;
			buildSettings = {
				ALWAYS_EMBED_SWIFT_STANDARD_LIBRARIES = YES;
				BUNDLE_LOADER = "$(TEST_HOST)";
				CODE_SIGN_STYLE = Automatic;
				CURRENT_PROJECT_VERSION = 1;
				DEVELOPMENT_TEAM = UN964XDAH7;
				GENERATE_INFOPLIST_FILE = YES;
				IPHONEOS_DEPLOYMENT_TARGET = 17.0;
				MACOSX_DEPLOYMENT_TARGET = 14.0;
				MARKETING_VERSION = 1.0;
				PRODUCT_BUNDLE_IDENTIFIER = lillycat332.TOTPAppTests;
				PRODUCT_NAME = "$(TARGET_NAME)";
				SDKROOT = auto;
				SUPPORTED_PLATFORMS = "iphoneos iphonesimulator macosx";
				SWIFT_EMIT_LOC_STRINGS = NO;
				SWIFT_VERSION = 5.0;
				TARGETED_DEVICE_FAMILY = "1,2";
				TEST_HOST = "$(BUILT_PRODUCTS_DIR)/TOTPApp.app/$(BUNDLE_EXECUTABLE_FOLDER_PATH)/TOTPApp";
			};
			name = Release;
		};
		EB46EB262A41A3E000217953 /* Debug */ = {
			isa = XCBuildConfiguration;
			buildSettings = {
				ALWAYS_EMBED_SWIFT_STANDARD_LIBRARIES = YES;
				CODE_SIGN_STYLE = Automatic;
				CURRENT_PROJECT_VERSION = 1;
				DEVELOPMENT_TEAM = UN964XDAH7;
				GENERATE_INFOPLIST_FILE = YES;
				IPHONEOS_DEPLOYMENT_TARGET = 17.0;
				MACOSX_DEPLOYMENT_TARGET = 14.0;
				MARKETING_VERSION = 1.0;
				PRODUCT_BUNDLE_IDENTIFIER = lillycat332.TOTPAppUITests;
				PRODUCT_NAME = "$(TARGET_NAME)";
				SDKROOT = auto;
				SUPPORTED_PLATFORMS = "iphoneos iphonesimulator macosx";
				SWIFT_EMIT_LOC_STRINGS = NO;
				SWIFT_VERSION = 5.0;
				TARGETED_DEVICE_FAMILY = "1,2";
				TEST_TARGET_NAME = TOTPApp;
			};
			name = Debug;
		};
		EB46EB272A41A3E000217953 /* Release */ = {
			isa = XCBuildConfiguration;
			buildSettings = {
				ALWAYS_EMBED_SWIFT_STANDARD_LIBRARIES = YES;
				CODE_SIGN_STYLE = Automatic;
				CURRENT_PROJECT_VERSION = 1;
				DEVELOPMENT_TEAM = UN964XDAH7;
				GENERATE_INFOPLIST_FILE = YES;
				IPHONEOS_DEPLOYMENT_TARGET = 17.0;
				MACOSX_DEPLOYMENT_TARGET = 14.0;
				MARKETING_VERSION = 1.0;
				PRODUCT_BUNDLE_IDENTIFIER = lillycat332.TOTPAppUITests;
				PRODUCT_NAME = "$(TARGET_NAME)";
				SDKROOT = auto;
				SUPPORTED_PLATFORMS = "iphoneos iphonesimulator macosx";
				SWIFT_EMIT_LOC_STRINGS = NO;
				SWIFT_VERSION = 5.0;
				TARGETED_DEVICE_FAMILY = "1,2";
				TEST_TARGET_NAME = TOTPApp;
			};
			name = Release;
		};
/* End XCBuildConfiguration section */

/* Begin XCConfigurationList section */
		EB46EAF32A41A3DD00217953 /* Build configuration list for PBXProject "TOTPApp" */ = {
			isa = XCConfigurationList;
			buildConfigurations = (
				EB46EB1D2A41A3E000217953 /* Debug */,
				EB46EB1E2A41A3E000217953 /* Release */,
			);
			defaultConfigurationIsVisible = 0;
			defaultConfigurationName = Release;
		};
		EB46EB1F2A41A3E000217953 /* Build configuration list for PBXNativeTarget "TOTPApp" */ = {
			isa = XCConfigurationList;
			buildConfigurations = (
				EB46EB202A41A3E000217953 /* Debug */,
				EB46EB212A41A3E000217953 /* Release */,
			);
			defaultConfigurationIsVisible = 0;
			defaultConfigurationName = Release;
		};
		EB46EB222A41A3E000217953 /* Build configuration list for PBXNativeTarget "TOTPAppTests" */ = {
			isa = XCConfigurationList;
			buildConfigurations = (
				EB46EB232A41A3E000217953 /* Debug */,
				EB46EB242A41A3E000217953 /* Release */,
			);
			defaultConfigurationIsVisible = 0;
			defaultConfigurationName = Release;
		};
		EB46EB252A41A3E000217953 /* Build configuration list for PBXNativeTarget "TOTPAppUITests" */ = {
			isa = XCConfigurationList;
			buildConfigurations = (
				EB46EB262A41A3E000217953 /* Debug */,
				EB46EB272A41A3E000217953 /* Release */,
			);
			defaultConfigurationIsVisible = 0;
			defaultConfigurationName = Release;
		};
/* End XCConfigurationList section */

/* Begin XCRemoteSwiftPackageReference section */
		EB46EB2C2A41A48500217953 /* XCRemoteSwiftPackageReference "Base32" */ = {
			isa = XCRemoteSwiftPackageReference;
			repositoryURL = "https://github.com/norio-nomura/Base32";
			requirement = {
				kind = upToNextMajorVersion;
				minimumVersion = 0.9.0;
			};
		};
/* End XCRemoteSwiftPackageReference section */

/* Begin XCSwiftPackageProductDependency section */
		EB46EB2D2A41A48500217953 /* Base32 */ = {
			isa = XCSwiftPackageProductDependency;
			package = EB46EB2C2A41A48500217953 /* XCRemoteSwiftPackageReference "Base32" */;
			productName = Base32;
		};
/* End XCSwiftPackageProductDependency section */
	};
	rootObject = EB46EAF02A41A3DD00217953 /* Project object */;
}
